// !$*UTF8*$!
{
	archiveVersion = 1;
	classes = {
	};
	objectVersion = 56;
	objects = {

/* Begin PBXBuildFile section */
		1A38BFE82C235DD500C22B51 /* UpdateDataService.swift in Sources */ = {isa = PBXBuildFile; fileRef = 1A38BFE72C235DD500C22B51 /* UpdateDataService.swift */; };
		1A38C0072C259BB200C22B51 /* NotesDataService.swift in Sources */ = {isa = PBXBuildFile; fileRef = 1A38C0062C259BB200C22B51 /* NotesDataService.swift */; };
		1A38C00F2C27336100C22B51 /* AddNotesViewController.swift in Sources */ = {isa = PBXBuildFile; fileRef = 1A38C00E2C27336100C22B51 /* AddNotesViewController.swift */; };
		1AA52C0D2C2C6E67006F4969 /* GoogleService-Info.plist in Resources */ = {isa = PBXBuildFile; fileRef = 1AA52C0C2C2C6E66006F4969 /* GoogleService-Info.plist */; };
		1AA52C0F2C2C842D006F4969 /* SDWebImage in Frameworks */ = {isa = PBXBuildFile; productRef = 1AA52C0E2C2C842D006F4969 /* SDWebImage */; };
		1AA52C112C2C842D006F4969 /* SDWebImageMapKit in Frameworks */ = {isa = PBXBuildFile; productRef = 1AA52C102C2C842D006F4969 /* SDWebImageMapKit */; };
		1AA52C132C2C8453006F4969 /* FirebaseAuth in Frameworks */ = {isa = PBXBuildFile; productRef = 1AA52C122C2C8453006F4969 /* FirebaseAuth */; };
		1AA52C152C2C8453006F4969 /* FirebaseFirestore in Frameworks */ = {isa = PBXBuildFile; productRef = 1AA52C142C2C8453006F4969 /* FirebaseFirestore */; };
		1AA52C172C2C8453006F4969 /* FirebaseStorage in Frameworks */ = {isa = PBXBuildFile; productRef = 1AA52C162C2C8453006F4969 /* FirebaseStorage */; };
		1AAC3B122C29744700D14DBF /* ReuseTextView.swift in Sources */ = {isa = PBXBuildFile; fileRef = 1AAC3B112C29744700D14DBF /* ReuseTextView.swift */; };
		1AAC3B1E2C2AD42C00D14DBF /* NotesViewController.swift in Sources */ = {isa = PBXBuildFile; fileRef = 1AAC3B1D2C2AD42C00D14DBF /* NotesViewController.swift */; };
		1AAC3B202C2AE20400D14DBF /* NoteViewCell.swift in Sources */ = {isa = PBXBuildFile; fileRef = 1AAC3B1F2C2AE20400D14DBF /* NoteViewCell.swift */; };
		1AAC3B232C2B30FE00D14DBF /* Note.swift in Sources */ = {isa = PBXBuildFile; fileRef = 1AAC3B222C2B30FE00D14DBF /* Note.swift */; };
		1AAC3B252C2B324600D14DBF /* UploadNoteImageService.swift in Sources */ = {isa = PBXBuildFile; fileRef = 1AAC3B242C2B324600D14DBF /* UploadNoteImageService.swift */; };
		1AAC3B322C2B45F700D14DBF /* LoadingNotesDataService.swift in Sources */ = {isa = PBXBuildFile; fileRef = 1AAC3B312C2B45F700D14DBF /* LoadingNotesDataService.swift */; };
		1AAC3B3F2C2B574C00D14DBF /* DeleteNoteService.swift in Sources */ = {isa = PBXBuildFile; fileRef = 1AAC3B3E2C2B574C00D14DBF /* DeleteNoteService.swift */; };
		1AAC3B4B2C2BF23C00D14DBF /* EditNoteViewController.swift in Sources */ = {isa = PBXBuildFile; fileRef = 1AAC3B4A2C2BF23C00D14DBF /* EditNoteViewController.swift */; };
		1AAC3B4E2C2BF83900D14DBF /* UpdateNotesService.swift in Sources */ = {isa = PBXBuildFile; fileRef = 1AAC3B4D2C2BF83900D14DBF /* UpdateNotesService.swift */; };
		1AB29B8B2C1D6050001BD233 /* ReuseImageView.swift in Sources */ = {isa = PBXBuildFile; fileRef = 1AB29B8A2C1D6050001BD233 /* ReuseImageView.swift */; };
		1AB29BA02C1EC2D6001BD233 /* UploadAvatarImageService.swift in Sources */ = {isa = PBXBuildFile; fileRef = 1AB29B9F2C1EC2D6001BD233 /* UploadAvatarImageService.swift */; };
		1AB29BA72C200B10001BD233 /* ReusePencilButton.swift in Sources */ = {isa = PBXBuildFile; fileRef = 1AB29BA62C200B10001BD233 /* ReusePencilButton.swift */; };
		1AB3E5282C07704C0040DE8D /* AppDelegate.swift in Sources */ = {isa = PBXBuildFile; fileRef = 1AB3E5272C07704C0040DE8D /* AppDelegate.swift */; };
		1AB3E52A2C07704C0040DE8D /* SceneDelegate.swift in Sources */ = {isa = PBXBuildFile; fileRef = 1AB3E5292C07704C0040DE8D /* SceneDelegate.swift */; };
		1AB3E52C2C07704C0040DE8D /* RegistrationViewController.swift in Sources */ = {isa = PBXBuildFile; fileRef = 1AB3E52B2C07704C0040DE8D /* RegistrationViewController.swift */; };
		1AB3E5312C07704D0040DE8D /* Assets.xcassets in Resources */ = {isa = PBXBuildFile; fileRef = 1AB3E5302C07704D0040DE8D /* Assets.xcassets */; };
		1AB3E5342C07704D0040DE8D /* Base in Resources */ = {isa = PBXBuildFile; fileRef = 1AB3E5332C07704D0040DE8D /* Base */; };
		1AB3E53D2C0771430040DE8D /* SignInViewController.swift in Sources */ = {isa = PBXBuildFile; fileRef = 1AB3E53C2C0771430040DE8D /* SignInViewController.swift */; };
		1AB3E5492C07842B0040DE8D /* ReuseLabel.swift in Sources */ = {isa = PBXBuildFile; fileRef = 1AB3E5482C07842B0040DE8D /* ReuseLabel.swift */; };
		1AB3E54B2C078F8B0040DE8D /* ReuseTextField.swift in Sources */ = {isa = PBXBuildFile; fileRef = 1AB3E54A2C078F8B0040DE8D /* ReuseTextField.swift */; };
		1AB586B82C1AC9C3001B890A /* RegistrationModel.swift in Sources */ = {isa = PBXBuildFile; fileRef = 1AB586B72C1AC9C3001B890A /* RegistrationModel.swift */; };
		1AB586BA2C1AE6F3001B890A /* RegUserData.swift in Sources */ = {isa = PBXBuildFile; fileRef = 1AB586B92C1AE6F3001B890A /* RegUserData.swift */; };
		1AB586BC2C1AF57B001B890A /* AuthModel.swift in Sources */ = {isa = PBXBuildFile; fileRef = 1AB586BB2C1AF57B001B890A /* AuthModel.swift */; };
		1AB586C02C1AF6A4001B890A /* AuthUserData.swift in Sources */ = {isa = PBXBuildFile; fileRef = 1AB586BF2C1AF6A4001B890A /* AuthUserData.swift */; };
		1AB586C32C1B0F1A001B890A /* AppModel.swift in Sources */ = {isa = PBXBuildFile; fileRef = 1AB586C22C1B0F1A001B890A /* AppModel.swift */; };
		1AB586C62C1B123C001B890A /* SignOutService.swift in Sources */ = {isa = PBXBuildFile; fileRef = 1AB586C52C1B123C001B890A /* SignOutService.swift */; };
		1AB586C92C1CA028001B890A /* LoadUserData.swift in Sources */ = {isa = PBXBuildFile; fileRef = 1AB586C82C1CA028001B890A /* LoadUserData.swift */; };
		1AB586CC2C1CA0E9001B890A /* LoadingUserDataService.swift in Sources */ = {isa = PBXBuildFile; fileRef = 1AB586CB2C1CA0E9001B890A /* LoadingUserDataService.swift */; };
		1ADE20432C08AC1C006173D3 /* ReuseLargeButton.swift in Sources */ = {isa = PBXBuildFile; fileRef = 1ADE20422C08AC1C006173D3 /* ReuseLargeButton.swift */; };
		1ADE20452C08C1D9006173D3 /* ReuseSmallButton.swift in Sources */ = {isa = PBXBuildFile; fileRef = 1ADE20442C08C1D9006173D3 /* ReuseSmallButton.swift */; };
		1ADE20672C08C936006173D3 /* ReuseStackView.swift in Sources */ = {isa = PBXBuildFile; fileRef = 1ADE20662C08C936006173D3 /* ReuseStackView.swift */; };
		1ADE20692C0BA326006173D3 /* ProfileViewController.swift in Sources */ = {isa = PBXBuildFile; fileRef = 1ADE20682C0BA326006173D3 /* ProfileViewController.swift */; };
		1ADE206B2C0C4E1F006173D3 /* ReuseProfileButton.swift in Sources */ = {isa = PBXBuildFile; fileRef = 1ADE206A2C0C4E1F006173D3 /* ReuseProfileButton.swift */; };
		1ADE20732C12EA8C006173D3 /* Extension + Notification.name.swift in Sources */ = {isa = PBXBuildFile; fileRef = 1ADE20722C12EA8C006173D3 /* Extension + Notification.name.swift */; };
		1ADE20752C132C31006173D3 /* Extension + UIViewController.swift in Sources */ = {isa = PBXBuildFile; fileRef = 1ADE20742C132C31006173D3 /* Extension + UIViewController.swift */; };
/* End PBXBuildFile section */

/* Begin PBXFileReference section */
		1A38BFE72C235DD500C22B51 /* UpdateDataService.swift */ = {isa = PBXFileReference; lastKnownFileType = sourcecode.swift; path = UpdateDataService.swift; sourceTree = "<group>"; };
		1A38C0062C259BB200C22B51 /* NotesDataService.swift */ = {isa = PBXFileReference; lastKnownFileType = sourcecode.swift; path = NotesDataService.swift; sourceTree = "<group>"; };
		1A38C00E2C27336100C22B51 /* AddNotesViewController.swift */ = {isa = PBXFileReference; lastKnownFileType = sourcecode.swift; path = AddNotesViewController.swift; sourceTree = "<group>"; };
		1AA52C0C2C2C6E66006F4969 /* GoogleService-Info.plist */ = {isa = PBXFileReference; fileEncoding = 4; lastKnownFileType = text.plist.xml; path = "GoogleService-Info.plist"; sourceTree = "<group>"; };
		1AAC3B112C29744700D14DBF /* ReuseTextView.swift */ = {isa = PBXFileReference; lastKnownFileType = sourcecode.swift; path = ReuseTextView.swift; sourceTree = "<group>"; };
		1AAC3B1D2C2AD42C00D14DBF /* NotesViewController.swift */ = {isa = PBXFileReference; lastKnownFileType = sourcecode.swift; path = NotesViewController.swift; sourceTree = "<group>"; };
		1AAC3B1F2C2AE20400D14DBF /* NoteViewCell.swift */ = {isa = PBXFileReference; lastKnownFileType = sourcecode.swift; path = NoteViewCell.swift; sourceTree = "<group>"; };
		1AAC3B222C2B30FE00D14DBF /* Note.swift */ = {isa = PBXFileReference; lastKnownFileType = sourcecode.swift; path = Note.swift; sourceTree = "<group>"; };
		1AAC3B242C2B324600D14DBF /* UploadNoteImageService.swift */ = {isa = PBXFileReference; lastKnownFileType = sourcecode.swift; path = UploadNoteImageService.swift; sourceTree = "<group>"; };
		1AAC3B312C2B45F700D14DBF /* LoadingNotesDataService.swift */ = {isa = PBXFileReference; lastKnownFileType = sourcecode.swift; path = LoadingNotesDataService.swift; sourceTree = "<group>"; };
		1AAC3B3E2C2B574C00D14DBF /* DeleteNoteService.swift */ = {isa = PBXFileReference; lastKnownFileType = sourcecode.swift; path = DeleteNoteService.swift; sourceTree = "<group>"; };
		1AAC3B4A2C2BF23C00D14DBF /* EditNoteViewController.swift */ = {isa = PBXFileReference; lastKnownFileType = sourcecode.swift; path = EditNoteViewController.swift; sourceTree = "<group>"; };
		1AAC3B4D2C2BF83900D14DBF /* UpdateNotesService.swift */ = {isa = PBXFileReference; lastKnownFileType = sourcecode.swift; path = UpdateNotesService.swift; sourceTree = "<group>"; };
		1AB29B8A2C1D6050001BD233 /* ReuseImageView.swift */ = {isa = PBXFileReference; lastKnownFileType = sourcecode.swift; path = ReuseImageView.swift; sourceTree = "<group>"; };
		1AB29B9F2C1EC2D6001BD233 /* UploadAvatarImageService.swift */ = {isa = PBXFileReference; lastKnownFileType = sourcecode.swift; path = UploadAvatarImageService.swift; sourceTree = "<group>"; };
		1AB29BA62C200B10001BD233 /* ReusePencilButton.swift */ = {isa = PBXFileReference; lastKnownFileType = sourcecode.swift; path = ReusePencilButton.swift; sourceTree = "<group>"; };
		1AB3E5242C07704C0040DE8D /* AuthorisationApp.app */ = {isa = PBXFileReference; explicitFileType = wrapper.application; includeInIndex = 0; path = AuthorisationApp.app; sourceTree = BUILT_PRODUCTS_DIR; };
		1AB3E5272C07704C0040DE8D /* AppDelegate.swift */ = {isa = PBXFileReference; lastKnownFileType = sourcecode.swift; path = AppDelegate.swift; sourceTree = "<group>"; };
		1AB3E5292C07704C0040DE8D /* SceneDelegate.swift */ = {isa = PBXFileReference; lastKnownFileType = sourcecode.swift; path = SceneDelegate.swift; sourceTree = "<group>"; };
		1AB3E52B2C07704C0040DE8D /* RegistrationViewController.swift */ = {isa = PBXFileReference; lastKnownFileType = sourcecode.swift; path = RegistrationViewController.swift; sourceTree = "<group>"; };
		1AB3E5302C07704D0040DE8D /* Assets.xcassets */ = {isa = PBXFileReference; lastKnownFileType = folder.assetcatalog; path = Assets.xcassets; sourceTree = "<group>"; };
		1AB3E5332C07704D0040DE8D /* Base */ = {isa = PBXFileReference; lastKnownFileType = file.storyboard; name = Base; path = Base.lproj/LaunchScreen.storyboard; sourceTree = "<group>"; };
		1AB3E5352C07704D0040DE8D /* Info.plist */ = {isa = PBXFileReference; lastKnownFileType = text.plist.xml; path = Info.plist; sourceTree = "<group>"; };
		1AB3E53C2C0771430040DE8D /* SignInViewController.swift */ = {isa = PBXFileReference; lastKnownFileType = sourcecode.swift; path = SignInViewController.swift; sourceTree = "<group>"; };
		1AB3E5482C07842B0040DE8D /* ReuseLabel.swift */ = {isa = PBXFileReference; lastKnownFileType = sourcecode.swift; path = ReuseLabel.swift; sourceTree = "<group>"; };
		1AB3E54A2C078F8B0040DE8D /* ReuseTextField.swift */ = {isa = PBXFileReference; lastKnownFileType = sourcecode.swift; path = ReuseTextField.swift; sourceTree = "<group>"; };
		1AB586B72C1AC9C3001B890A /* RegistrationModel.swift */ = {isa = PBXFileReference; lastKnownFileType = sourcecode.swift; path = RegistrationModel.swift; sourceTree = "<group>"; };
		1AB586B92C1AE6F3001B890A /* RegUserData.swift */ = {isa = PBXFileReference; lastKnownFileType = sourcecode.swift; path = RegUserData.swift; sourceTree = "<group>"; };
		1AB586BB2C1AF57B001B890A /* AuthModel.swift */ = {isa = PBXFileReference; lastKnownFileType = sourcecode.swift; path = AuthModel.swift; sourceTree = "<group>"; };
		1AB586BF2C1AF6A4001B890A /* AuthUserData.swift */ = {isa = PBXFileReference; lastKnownFileType = sourcecode.swift; path = AuthUserData.swift; sourceTree = "<group>"; };
		1AB586C22C1B0F1A001B890A /* AppModel.swift */ = {isa = PBXFileReference; lastKnownFileType = sourcecode.swift; path = AppModel.swift; sourceTree = "<group>"; };
		1AB586C52C1B123C001B890A /* SignOutService.swift */ = {isa = PBXFileReference; lastKnownFileType = sourcecode.swift; path = SignOutService.swift; sourceTree = "<group>"; };
		1AB586C82C1CA028001B890A /* LoadUserData.swift */ = {isa = PBXFileReference; lastKnownFileType = sourcecode.swift; path = LoadUserData.swift; sourceTree = "<group>"; };
		1AB586CB2C1CA0E9001B890A /* LoadingUserDataService.swift */ = {isa = PBXFileReference; lastKnownFileType = sourcecode.swift; path = LoadingUserDataService.swift; sourceTree = "<group>"; };
		1ADE20422C08AC1C006173D3 /* ReuseLargeButton.swift */ = {isa = PBXFileReference; lastKnownFileType = sourcecode.swift; path = ReuseLargeButton.swift; sourceTree = "<group>"; };
		1ADE20442C08C1D9006173D3 /* ReuseSmallButton.swift */ = {isa = PBXFileReference; lastKnownFileType = sourcecode.swift; path = ReuseSmallButton.swift; sourceTree = "<group>"; };
		1ADE20662C08C936006173D3 /* ReuseStackView.swift */ = {isa = PBXFileReference; lastKnownFileType = sourcecode.swift; path = ReuseStackView.swift; sourceTree = "<group>"; };
		1ADE20682C0BA326006173D3 /* ProfileViewController.swift */ = {isa = PBXFileReference; lastKnownFileType = sourcecode.swift; path = ProfileViewController.swift; sourceTree = "<group>"; };
		1ADE206A2C0C4E1F006173D3 /* ReuseProfileButton.swift */ = {isa = PBXFileReference; lastKnownFileType = sourcecode.swift; path = ReuseProfileButton.swift; sourceTree = "<group>"; };
		1ADE20722C12EA8C006173D3 /* Extension + Notification.name.swift */ = {isa = PBXFileReference; lastKnownFileType = sourcecode.swift; path = "Extension + Notification.name.swift"; sourceTree = "<group>"; };
		1ADE20742C132C31006173D3 /* Extension + UIViewController.swift */ = {isa = PBXFileReference; lastKnownFileType = sourcecode.swift; path = "Extension + UIViewController.swift"; sourceTree = "<group>"; };
/* End PBXFileReference section */

/* Begin PBXFrameworksBuildPhase section */
		1AB3E5212C07704C0040DE8D /* Frameworks */ = {
			isa = PBXFrameworksBuildPhase;
			buildActionMask = 2147483647;
			files = (
				1AA52C112C2C842D006F4969 /* SDWebImageMapKit in Frameworks */,
				1AA52C152C2C8453006F4969 /* FirebaseFirestore in Frameworks */,
				1AA52C132C2C8453006F4969 /* FirebaseAuth in Frameworks */,
				1AA52C172C2C8453006F4969 /* FirebaseStorage in Frameworks */,
				1AA52C0F2C2C842D006F4969 /* SDWebImage in Frameworks */,
			);
			runOnlyForDeploymentPostprocessing = 0;
		};
/* End PBXFrameworksBuildPhase section */

/* Begin PBXGroup section */
		1A38BFE52C21900C00C22B51 /* UploadImage */ = {
			isa = PBXGroup;
			children = (
				1AB29B9F2C1EC2D6001BD233 /* UploadAvatarImageService.swift */,
				1AAC3B242C2B324600D14DBF /* UploadNoteImageService.swift */,
			);
			path = UploadImage;
			sourceTree = "<group>";
		};
		1A38BFE62C235DB800C22B51 /* UpdateUserData */ = {
			isa = PBXGroup;
			children = (
				1A38BFE72C235DD500C22B51 /* UpdateDataService.swift */,
			);
			path = UpdateUserData;
			sourceTree = "<group>";
		};
		1A38C0052C259B8200C22B51 /* NotesData */ = {
			isa = PBXGroup;
			children = (
				1A38C0062C259BB200C22B51 /* NotesDataService.swift */,
			);
			path = NotesData;
			sourceTree = "<group>";
		};
		1A38C00A2C26DD4D00C22B51 /* ViewCells */ = {
			isa = PBXGroup;
			children = (
				1AAC3B1F2C2AE20400D14DBF /* NoteViewCell.swift */,
			);
			path = ViewCells;
			sourceTree = "<group>";
		};
		1A38C00B2C26DD6D00C22B51 /* Views */ = {
			isa = PBXGroup;
			children = (
				1AB3E5412C0775AB0040DE8D /* ReuseViews */,
				1A38C00A2C26DD4D00C22B51 /* ViewCells */,
			);
			path = Views;
			sourceTree = "<group>";
		};
		1A96D4A92C1A07CC00852112 /* Frameworks */ = {
			isa = PBXGroup;
			children = (
			);
			name = Frameworks;
			sourceTree = "<group>";
		};
		1AAC3B212C2B30E400D14DBF /* NoteData */ = {
			isa = PBXGroup;
			children = (
				1AAC3B222C2B30FE00D14DBF /* Note.swift */,
			);
			path = NoteData;
			sourceTree = "<group>";
		};
		1AAC3B302C2B45B900D14DBF /* LoadingNotesData */ = {
			isa = PBXGroup;
			children = (
				1AAC3B312C2B45F700D14DBF /* LoadingNotesDataService.swift */,
			);
			path = LoadingNotesData;
			sourceTree = "<group>";
		};
		1AAC3B3D2C2B571400D14DBF /* DeleteNoteData */ = {
			isa = PBXGroup;
			children = (
				1AAC3B3E2C2B574C00D14DBF /* DeleteNoteService.swift */,
			);
			path = DeleteNoteData;
			sourceTree = "<group>";
		};
		1AAC3B4C2C2BF7F100D14DBF /* UpdateNoteData */ = {
			isa = PBXGroup;
			children = (
				1AAC3B4D2C2BF83900D14DBF /* UpdateNotesService.swift */,
			);
			path = UpdateNoteData;
			sourceTree = "<group>";
		};
		1AB3E51B2C07704C0040DE8D = {
			isa = PBXGroup;
			children = (
				1AB3E5262C07704C0040DE8D /* AuthorisationApp */,
				1AB3E5252C07704C0040DE8D /* Products */,
				1A96D4A92C1A07CC00852112 /* Frameworks */,
			);
			sourceTree = "<group>";
		};
		1AB3E5252C07704C0040DE8D /* Products */ = {
			isa = PBXGroup;
			children = (
				1AB3E5242C07704C0040DE8D /* AuthorisationApp.app */,
			);
			name = Products;
			sourceTree = "<group>";
		};
		1AB3E5262C07704C0040DE8D /* AuthorisationApp */ = {
			isa = PBXGroup;
			children = (
				1AB586C12C1B0F08001B890A /* AppModel */,
				1AB586B62C1AC9A1001B890A /* Models */,
				1ADE20712C12EA6B006173D3 /* Extensions */,
				1ADE206C2C0C7BD8006173D3 /* Services */,
				1A38C00B2C26DD6D00C22B51 /* Views */,
				1AB3E53B2C0771100040DE8D /* Controllers */,
				1AB3E5402C0771940040DE8D /* LaunchScreen */,
				1AB3E53F2C0771800040DE8D /* Resources */,
				1AB3E53E2C0771650040DE8D /* SupportingFiles */,
			);
			path = AuthorisationApp;
			sourceTree = "<group>";
		};
		1AB3E53B2C0771100040DE8D /* Controllers */ = {
			isa = PBXGroup;
			children = (
				1AB3E52B2C07704C0040DE8D /* RegistrationViewController.swift */,
				1AB3E53C2C0771430040DE8D /* SignInViewController.swift */,
				1ADE20682C0BA326006173D3 /* ProfileViewController.swift */,
				1A38C00E2C27336100C22B51 /* AddNotesViewController.swift */,
				1AAC3B1D2C2AD42C00D14DBF /* NotesViewController.swift */,
				1AAC3B4A2C2BF23C00D14DBF /* EditNoteViewController.swift */,
			);
			path = Controllers;
			sourceTree = "<group>";
		};
		1AB3E53E2C0771650040DE8D /* SupportingFiles */ = {
			isa = PBXGroup;
			children = (
				1AB3E5272C07704C0040DE8D /* AppDelegate.swift */,
				1AB3E5292C07704C0040DE8D /* SceneDelegate.swift */,
				1AB3E5352C07704D0040DE8D /* Info.plist */,
				1AA52C0C2C2C6E66006F4969 /* GoogleService-Info.plist */,
			);
			path = SupportingFiles;
			sourceTree = "<group>";
		};
		1AB3E53F2C0771800040DE8D /* Resources */ = {
			isa = PBXGroup;
			children = (
				1AB3E5302C07704D0040DE8D /* Assets.xcassets */,
			);
			path = Resources;
			sourceTree = "<group>";
		};
		1AB3E5402C0771940040DE8D /* LaunchScreen */ = {
			isa = PBXGroup;
			children = (
				1AB3E5322C07704D0040DE8D /* LaunchScreen.storyboard */,
			);
			path = LaunchScreen;
			sourceTree = "<group>";
		};
		1AB3E5412C0775AB0040DE8D /* ReuseViews */ = {
			isa = PBXGroup;
			children = (
				1AB3E5482C07842B0040DE8D /* ReuseLabel.swift */,
				1AB3E54A2C078F8B0040DE8D /* ReuseTextField.swift */,
				1ADE20422C08AC1C006173D3 /* ReuseLargeButton.swift */,
				1ADE20442C08C1D9006173D3 /* ReuseSmallButton.swift */,
				1ADE206A2C0C4E1F006173D3 /* ReuseProfileButton.swift */,
				1AB29BA62C200B10001BD233 /* ReusePencilButton.swift */,
				1ADE20662C08C936006173D3 /* ReuseStackView.swift */,
				1AB29B8A2C1D6050001BD233 /* ReuseImageView.swift */,
				1AAC3B112C29744700D14DBF /* ReuseTextView.swift */,
			);
			path = ReuseViews;
			sourceTree = "<group>";
		};
		1AB586B62C1AC9A1001B890A /* Models */ = {
			isa = PBXGroup;
			children = (
				1AAC3B212C2B30E400D14DBF /* NoteData */,
				1AB586C72C1C9FC1001B890A /* LoadData */,
				1AB586BD2C1AF674001B890A /* Registration */,
				1AB586BE2C1AF689001B890A /* Authorisation */,
			);
			path = Models;
			sourceTree = "<group>";
		};
		1AB586BD2C1AF674001B890A /* Registration */ = {
			isa = PBXGroup;
			children = (
				1AB586B72C1AC9C3001B890A /* RegistrationModel.swift */,
				1AB586B92C1AE6F3001B890A /* RegUserData.swift */,
			);
			path = Registration;
			sourceTree = "<group>";
		};
		1AB586BE2C1AF689001B890A /* Authorisation */ = {
			isa = PBXGroup;
			children = (
				1AB586BB2C1AF57B001B890A /* AuthModel.swift */,
				1AB586BF2C1AF6A4001B890A /* AuthUserData.swift */,
			);
			path = Authorisation;
			sourceTree = "<group>";
		};
		1AB586C12C1B0F08001B890A /* AppModel */ = {
			isa = PBXGroup;
			children = (
				1AB586C22C1B0F1A001B890A /* AppModel.swift */,
			);
			path = AppModel;
			sourceTree = "<group>";
		};
		1AB586C42C1B1224001B890A /* SignOut */ = {
			isa = PBXGroup;
			children = (
				1AB586C52C1B123C001B890A /* SignOutService.swift */,
			);
			path = SignOut;
			sourceTree = "<group>";
		};
		1AB586C72C1C9FC1001B890A /* LoadData */ = {
			isa = PBXGroup;
			children = (
				1AB586C82C1CA028001B890A /* LoadUserData.swift */,
			);
			path = LoadData;
			sourceTree = "<group>";
		};
		1AB586CA2C1CA095001B890A /* LoadingUserData */ = {
			isa = PBXGroup;
			children = (
				1AB586CB2C1CA0E9001B890A /* LoadingUserDataService.swift */,
			);
			path = LoadingUserData;
			sourceTree = "<group>";
		};
		1ADE206C2C0C7BD8006173D3 /* Services */ = {
			isa = PBXGroup;
			children = (
				1AAC3B4C2C2BF7F100D14DBF /* UpdateNoteData */,
				1AAC3B3D2C2B571400D14DBF /* DeleteNoteData */,
				1AAC3B302C2B45B900D14DBF /* LoadingNotesData */,
				1A38C0052C259B8200C22B51 /* NotesData */,
				1A38BFE62C235DB800C22B51 /* UpdateUserData */,
				1AB586CA2C1CA095001B890A /* LoadingUserData */,
				1A38BFE52C21900C00C22B51 /* UploadImage */,
				1AB586C42C1B1224001B890A /* SignOut */,
			);
			path = Services;
			sourceTree = "<group>";
		};
		1ADE20712C12EA6B006173D3 /* Extensions */ = {
			isa = PBXGroup;
			children = (
				1ADE20722C12EA8C006173D3 /* Extension + Notification.name.swift */,
				1ADE20742C132C31006173D3 /* Extension + UIViewController.swift */,
			);
			path = Extensions;
			sourceTree = "<group>";
		};
/* End PBXGroup section */

/* Begin PBXNativeTarget section */
		1AB3E5232C07704C0040DE8D /* AuthorisationApp */ = {
			isa = PBXNativeTarget;
			buildConfigurationList = 1AB3E5382C07704D0040DE8D /* Build configuration list for PBXNativeTarget "AuthorisationApp" */;
			buildPhases = (
				1AB3E5202C07704C0040DE8D /* Sources */,
				1AB3E5212C07704C0040DE8D /* Frameworks */,
				1AB3E5222C07704C0040DE8D /* Resources */,
			);
			buildRules = (
			);
			dependencies = (
			);
			name = AuthorisationApp;
			packageProductDependencies = (
				1AA52C0E2C2C842D006F4969 /* SDWebImage */,
				1AA52C102C2C842D006F4969 /* SDWebImageMapKit */,
				1AA52C122C2C8453006F4969 /* FirebaseAuth */,
				1AA52C142C2C8453006F4969 /* FirebaseFirestore */,
				1AA52C162C2C8453006F4969 /* FirebaseStorage */,
			);
			productName = AuthorisationApp;
			productReference = 1AB3E5242C07704C0040DE8D /* AuthorisationApp.app */;
			productType = "com.apple.product-type.application";
		};
/* End PBXNativeTarget section */

/* Begin PBXProject section */
		1AB3E51C2C07704C0040DE8D /* Project object */ = {
			isa = PBXProject;
			attributes = {
				BuildIndependentTargetsInParallel = 1;
				LastSwiftUpdateCheck = 1530;
				LastUpgradeCheck = 1530;
				TargetAttributes = {
					1AB3E5232C07704C0040DE8D = {
						CreatedOnToolsVersion = 15.3;
					};
				};
			};
			buildConfigurationList = 1AB3E51F2C07704C0040DE8D /* Build configuration list for PBXProject "AuthorisationApp" */;
			compatibilityVersion = "Xcode 14.0";
			developmentRegion = en;
			hasScannedForEncodings = 0;
			knownRegions = (
				en,
				Base,
			);
			mainGroup = 1AB3E51B2C07704C0040DE8D;
			packageReferences = (
				1AB29BA12C1F075A001BD233 /* XCRemoteSwiftPackageReference "SDWebImage" */,
				1A38BFDA2C216B8900C22B51 /* XCRemoteSwiftPackageReference "firebase-ios-sdk" */,
			);
			productRefGroup = 1AB3E5252C07704C0040DE8D /* Products */;
			projectDirPath = "";
			projectRoot = "";
			targets = (
				1AB3E5232C07704C0040DE8D /* AuthorisationApp */,
			);
		};
/* End PBXProject section */

/* Begin PBXResourcesBuildPhase section */
		1AB3E5222C07704C0040DE8D /* Resources */ = {
			isa = PBXResourcesBuildPhase;
			buildActionMask = 2147483647;
			files = (
				1AB3E5312C07704D0040DE8D /* Assets.xcassets in Resources */,
				1AB3E5342C07704D0040DE8D /* Base in Resources */,
				1AA52C0D2C2C6E67006F4969 /* GoogleService-Info.plist in Resources */,
			);
			runOnlyForDeploymentPostprocessing = 0;
		};
/* End PBXResourcesBuildPhase section */

/* Begin PBXSourcesBuildPhase section */
		1AB3E5202C07704C0040DE8D /* Sources */ = {
			isa = PBXSourcesBuildPhase;
			buildActionMask = 2147483647;
			files = (
				1AB586CC2C1CA0E9001B890A /* LoadingUserDataService.swift in Sources */,
				1AB3E53D2C0771430040DE8D /* SignInViewController.swift in Sources */,
				1AB586C62C1B123C001B890A /* SignOutService.swift in Sources */,
				1AAC3B4B2C2BF23C00D14DBF /* EditNoteViewController.swift in Sources */,
				1ADE206B2C0C4E1F006173D3 /* ReuseProfileButton.swift in Sources */,
				1AAC3B1E2C2AD42C00D14DBF /* NotesViewController.swift in Sources */,
				1AAC3B322C2B45F700D14DBF /* LoadingNotesDataService.swift in Sources */,
				1AB586BA2C1AE6F3001B890A /* RegUserData.swift in Sources */,
				1AAC3B252C2B324600D14DBF /* UploadNoteImageService.swift in Sources */,
				1AAC3B232C2B30FE00D14DBF /* Note.swift in Sources */,
				1ADE20672C08C936006173D3 /* ReuseStackView.swift in Sources */,
				1A38C0072C259BB200C22B51 /* NotesDataService.swift in Sources */,
				1A38BFE82C235DD500C22B51 /* UpdateDataService.swift in Sources */,
				1ADE20692C0BA326006173D3 /* ProfileViewController.swift in Sources */,
				1ADE20732C12EA8C006173D3 /* Extension + Notification.name.swift in Sources */,
				1AB586BC2C1AF57B001B890A /* AuthModel.swift in Sources */,
				1AB3E52C2C07704C0040DE8D /* RegistrationViewController.swift in Sources */,
				1AAC3B122C29744700D14DBF /* ReuseTextView.swift in Sources */,
				1AB586C92C1CA028001B890A /* LoadUserData.swift in Sources */,
				1AB29B8B2C1D6050001BD233 /* ReuseImageView.swift in Sources */,
				1ADE20452C08C1D9006173D3 /* ReuseSmallButton.swift in Sources */,
				1AAC3B3F2C2B574C00D14DBF /* DeleteNoteService.swift in Sources */,
				1ADE20432C08AC1C006173D3 /* ReuseLargeButton.swift in Sources */,
				1AB586C32C1B0F1A001B890A /* AppModel.swift in Sources */,
				1AB3E54B2C078F8B0040DE8D /* ReuseTextField.swift in Sources */,
				1AB3E5492C07842B0040DE8D /* ReuseLabel.swift in Sources */,
				1AB3E5282C07704C0040DE8D /* AppDelegate.swift in Sources */,
				1AAC3B202C2AE20400D14DBF /* NoteViewCell.swift in Sources */,
				1A38C00F2C27336100C22B51 /* AddNotesViewController.swift in Sources */,
				1ADE20752C132C31006173D3 /* Extension + UIViewController.swift in Sources */,
				1AB29BA02C1EC2D6001BD233 /* UploadAvatarImageService.swift in Sources */,
				1AB3E52A2C07704C0040DE8D /* SceneDelegate.swift in Sources */,
				1AAC3B4E2C2BF83900D14DBF /* UpdateNotesService.swift in Sources */,
				1AB29BA72C200B10001BD233 /* ReusePencilButton.swift in Sources */,
				1AB586C02C1AF6A4001B890A /* AuthUserData.swift in Sources */,
				1AB586B82C1AC9C3001B890A /* RegistrationModel.swift in Sources */,
			);
			runOnlyForDeploymentPostprocessing = 0;
		};
/* End PBXSourcesBuildPhase section */

/* Begin PBXVariantGroup section */
		1AB3E5322C07704D0040DE8D /* LaunchScreen.storyboard */ = {
			isa = PBXVariantGroup;
			children = (
				1AB3E5332C07704D0040DE8D /* Base */,
			);
			name = LaunchScreen.storyboard;
			sourceTree = "<group>";
		};
/* End PBXVariantGroup section */

/* Begin XCBuildConfiguration section */
		1AB3E5362C07704D0040DE8D /* Debug */ = {
			isa = XCBuildConfiguration;
			buildSettings = {
				ALWAYS_SEARCH_USER_PATHS = NO;
				ASSETCATALOG_COMPILER_GENERATE_SWIFT_ASSET_SYMBOL_EXTENSIONS = YES;
				CLANG_ANALYZER_NONNULL = YES;
				CLANG_ANALYZER_NUMBER_OBJECT_CONVERSION = YES_AGGRESSIVE;
				CLANG_CXX_LANGUAGE_STANDARD = "gnu++20";
				CLANG_ENABLE_MODULES = YES;
				CLANG_ENABLE_OBJC_ARC = YES;
				CLANG_ENABLE_OBJC_WEAK = YES;
				CLANG_WARN_BLOCK_CAPTURE_AUTORELEASING = YES;
				CLANG_WARN_BOOL_CONVERSION = YES;
				CLANG_WARN_COMMA = YES;
				CLANG_WARN_CONSTANT_CONVERSION = YES;
				CLANG_WARN_DEPRECATED_OBJC_IMPLEMENTATIONS = YES;
				CLANG_WARN_DIRECT_OBJC_ISA_USAGE = YES_ERROR;
				CLANG_WARN_DOCUMENTATION_COMMENTS = YES;
				CLANG_WARN_EMPTY_BODY = YES;
				CLANG_WARN_ENUM_CONVERSION = YES;
				CLANG_WARN_INFINITE_RECURSION = YES;
				CLANG_WARN_INT_CONVERSION = YES;
				CLANG_WARN_NON_LITERAL_NULL_CONVERSION = YES;
				CLANG_WARN_OBJC_IMPLICIT_RETAIN_SELF = YES;
				CLANG_WARN_OBJC_LITERAL_CONVERSION = YES;
				CLANG_WARN_OBJC_ROOT_CLASS = YES_ERROR;
				CLANG_WARN_QUOTED_INCLUDE_IN_FRAMEWORK_HEADER = YES;
				CLANG_WARN_RANGE_LOOP_ANALYSIS = YES;
				CLANG_WARN_STRICT_PROTOTYPES = YES;
				CLANG_WARN_SUSPICIOUS_MOVE = YES;
				CLANG_WARN_UNGUARDED_AVAILABILITY = YES_AGGRESSIVE;
				CLANG_WARN_UNREACHABLE_CODE = YES;
				CLANG_WARN__DUPLICATE_METHOD_MATCH = YES;
				COPY_PHASE_STRIP = NO;
				DEBUG_INFORMATION_FORMAT = dwarf;
				ENABLE_STRICT_OBJC_MSGSEND = YES;
				ENABLE_TESTABILITY = YES;
				ENABLE_USER_SCRIPT_SANDBOXING = YES;
				GCC_C_LANGUAGE_STANDARD = gnu17;
				GCC_DYNAMIC_NO_PIC = NO;
				GCC_NO_COMMON_BLOCKS = YES;
				GCC_OPTIMIZATION_LEVEL = 0;
				GCC_PREPROCESSOR_DEFINITIONS = (
					"DEBUG=1",
					"$(inherited)",
				);
				GCC_WARN_64_TO_32_BIT_CONVERSION = YES;
				GCC_WARN_ABOUT_RETURN_TYPE = YES_ERROR;
				GCC_WARN_UNDECLARED_SELECTOR = YES;
				GCC_WARN_UNINITIALIZED_AUTOS = YES_AGGRESSIVE;
				GCC_WARN_UNUSED_FUNCTION = YES;
				GCC_WARN_UNUSED_VARIABLE = YES;
				IPHONEOS_DEPLOYMENT_TARGET = 17.4;
				LOCALIZATION_PREFERS_STRING_CATALOGS = YES;
				MTL_ENABLE_DEBUG_INFO = INCLUDE_SOURCE;
				MTL_FAST_MATH = YES;
				ONLY_ACTIVE_ARCH = YES;
				SDKROOT = iphoneos;
				SWIFT_ACTIVE_COMPILATION_CONDITIONS = "DEBUG $(inherited)";
				SWIFT_OPTIMIZATION_LEVEL = "-Onone";
			};
			name = Debug;
		};
		1AB3E5372C07704D0040DE8D /* Release */ = {
			isa = XCBuildConfiguration;
			buildSettings = {
				ALWAYS_SEARCH_USER_PATHS = NO;
				ASSETCATALOG_COMPILER_GENERATE_SWIFT_ASSET_SYMBOL_EXTENSIONS = YES;
				CLANG_ANALYZER_NONNULL = YES;
				CLANG_ANALYZER_NUMBER_OBJECT_CONVERSION = YES_AGGRESSIVE;
				CLANG_CXX_LANGUAGE_STANDARD = "gnu++20";
				CLANG_ENABLE_MODULES = YES;
				CLANG_ENABLE_OBJC_ARC = YES;
				CLANG_ENABLE_OBJC_WEAK = YES;
				CLANG_WARN_BLOCK_CAPTURE_AUTORELEASING = YES;
				CLANG_WARN_BOOL_CONVERSION = YES;
				CLANG_WARN_COMMA = YES;
				CLANG_WARN_CONSTANT_CONVERSION = YES;
				CLANG_WARN_DEPRECATED_OBJC_IMPLEMENTATIONS = YES;
				CLANG_WARN_DIRECT_OBJC_ISA_USAGE = YES_ERROR;
				CLANG_WARN_DOCUMENTATION_COMMENTS = YES;
				CLANG_WARN_EMPTY_BODY = YES;
				CLANG_WARN_ENUM_CONVERSION = YES;
				CLANG_WARN_INFINITE_RECURSION = YES;
				CLANG_WARN_INT_CONVERSION = YES;
				CLANG_WARN_NON_LITERAL_NULL_CONVERSION = YES;
				CLANG_WARN_OBJC_IMPLICIT_RETAIN_SELF = YES;
				CLANG_WARN_OBJC_LITERAL_CONVERSION = YES;
				CLANG_WARN_OBJC_ROOT_CLASS = YES_ERROR;
				CLANG_WARN_QUOTED_INCLUDE_IN_FRAMEWORK_HEADER = YES;
				CLANG_WARN_RANGE_LOOP_ANALYSIS = YES;
				CLANG_WARN_STRICT_PROTOTYPES = YES;
				CLANG_WARN_SUSPICIOUS_MOVE = YES;
				CLANG_WARN_UNGUARDED_AVAILABILITY = YES_AGGRESSIVE;
				CLANG_WARN_UNREACHABLE_CODE = YES;
				CLANG_WARN__DUPLICATE_METHOD_MATCH = YES;
				COPY_PHASE_STRIP = NO;
				DEBUG_INFORMATION_FORMAT = "dwarf-with-dsym";
				ENABLE_NS_ASSERTIONS = NO;
				ENABLE_STRICT_OBJC_MSGSEND = YES;
				ENABLE_USER_SCRIPT_SANDBOXING = YES;
				GCC_C_LANGUAGE_STANDARD = gnu17;
				GCC_NO_COMMON_BLOCKS = YES;
				GCC_WARN_64_TO_32_BIT_CONVERSION = YES;
				GCC_WARN_ABOUT_RETURN_TYPE = YES_ERROR;
				GCC_WARN_UNDECLARED_SELECTOR = YES;
				GCC_WARN_UNINITIALIZED_AUTOS = YES_AGGRESSIVE;
				GCC_WARN_UNUSED_FUNCTION = YES;
				GCC_WARN_UNUSED_VARIABLE = YES;
				IPHONEOS_DEPLOYMENT_TARGET = 17.4;
				LOCALIZATION_PREFERS_STRING_CATALOGS = YES;
				MTL_ENABLE_DEBUG_INFO = NO;
				MTL_FAST_MATH = YES;
				SDKROOT = iphoneos;
				SWIFT_COMPILATION_MODE = wholemodule;
				VALIDATE_PRODUCT = YES;
			};
			name = Release;
		};
		1AB3E5392C07704D0040DE8D /* Debug */ = {
			isa = XCBuildConfiguration;
			buildSettings = {
				ASSETCATALOG_COMPILER_APPICON_NAME = AppIcon;
				ASSETCATALOG_COMPILER_GLOBAL_ACCENT_COLOR_NAME = AccentColor;
				CODE_SIGN_STYLE = Automatic;
				CURRENT_PROJECT_VERSION = 1;
				DEVELOPMENT_TEAM = QZ329TNU43;
				GENERATE_INFOPLIST_FILE = YES;
				INFOPLIST_FILE = AuthorisationApp/SupportingFiles/Info.plist;
				INFOPLIST_KEY_UIApplicationSupportsIndirectInputEvents = YES;
				INFOPLIST_KEY_UILaunchStoryboardName = LaunchScreen;
				INFOPLIST_KEY_UISupportedInterfaceOrientations = UIInterfaceOrientationPortrait;
				INFOPLIST_KEY_UISupportedInterfaceOrientations_iPad = "UIInterfaceOrientationPortrait UIInterfaceOrientationPortraitUpsideDown";
				LD_RUNPATH_SEARCH_PATHS = (
					"$(inherited)",
					"@executable_path/Frameworks",
				);
				MARKETING_VERSION = 1.0;
				PRODUCT_BUNDLE_IDENTIFIER = iosmaster.com.AuthorisationApp;
				PRODUCT_NAME = "$(TARGET_NAME)";
				SUPPORTED_PLATFORMS = "iphoneos iphonesimulator";
				SUPPORTS_MACCATALYST = NO;
				SUPPORTS_MAC_DESIGNED_FOR_IPHONE_IPAD = NO;
				SUPPORTS_XR_DESIGNED_FOR_IPHONE_IPAD = NO;
				SWIFT_EMIT_LOC_STRINGS = YES;
				SWIFT_VERSION = 5.0;
				TARGETED_DEVICE_FAMILY = 1;
			};
			name = Debug;
		};
		1AB3E53A2C07704D0040DE8D /* Release */ = {
			isa = XCBuildConfiguration;
			buildSettings = {
				ASSETCATALOG_COMPILER_APPICON_NAME = AppIcon;
				ASSETCATALOG_COMPILER_GLOBAL_ACCENT_COLOR_NAME = AccentColor;
				CODE_SIGN_STYLE = Automatic;
				CURRENT_PROJECT_VERSION = 1;
				DEVELOPMENT_TEAM = QZ329TNU43;
				GENERATE_INFOPLIST_FILE = YES;
				INFOPLIST_FILE = AuthorisationApp/SupportingFiles/Info.plist;
				INFOPLIST_KEY_UIApplicationSupportsIndirectInputEvents = YES;
				INFOPLIST_KEY_UILaunchStoryboardName = LaunchScreen;
				INFOPLIST_KEY_UISupportedInterfaceOrientations = UIInterfaceOrientationPortrait;
				INFOPLIST_KEY_UISupportedInterfaceOrientations_iPad = "UIInterfaceOrientationPortrait UIInterfaceOrientationPortraitUpsideDown";
				LD_RUNPATH_SEARCH_PATHS = (
					"$(inherited)",
					"@executable_path/Frameworks",
				);
				MARKETING_VERSION = 1.0;
				PRODUCT_BUNDLE_IDENTIFIER = iosmaster.com.AuthorisationApp;
				PRODUCT_NAME = "$(TARGET_NAME)";
				SUPPORTED_PLATFORMS = "iphoneos iphonesimulator";
				SUPPORTS_MACCATALYST = NO;
				SUPPORTS_MAC_DESIGNED_FOR_IPHONE_IPAD = NO;
				SUPPORTS_XR_DESIGNED_FOR_IPHONE_IPAD = NO;
				SWIFT_EMIT_LOC_STRINGS = YES;
				SWIFT_VERSION = 5.0;
				TARGETED_DEVICE_FAMILY = 1;
			};
			name = Release;
		};
/* End XCBuildConfiguration section */

/* Begin XCConfigurationList section */
		1AB3E51F2C07704C0040DE8D /* Build configuration list for PBXProject "AuthorisationApp" */ = {
			isa = XCConfigurationList;
			buildConfigurations = (
				1AB3E5362C07704D0040DE8D /* Debug */,
				1AB3E5372C07704D0040DE8D /* Release */,
			);
			defaultConfigurationIsVisible = 0;
			defaultConfigurationName = Release;
		};
		1AB3E5382C07704D0040DE8D /* Build configuration list for PBXNativeTarget "AuthorisationApp" */ = {
			isa = XCConfigurationList;
			buildConfigurations = (
				1AB3E5392C07704D0040DE8D /* Debug */,
				1AB3E53A2C07704D0040DE8D /* Release */,
			);
			defaultConfigurationIsVisible = 0;
			defaultConfigurationName = Release;
		};
/* End XCConfigurationList section */

/* Begin XCRemoteSwiftPackageReference section */
		1A38BFDA2C216B8900C22B51 /* XCRemoteSwiftPackageReference "firebase-ios-sdk" */ = {
			isa = XCRemoteSwiftPackageReference;
			repositoryURL = "https://github.com/firebase/firebase-ios-sdk";
			requirement = {
				kind = upToNextMajorVersion;
				minimumVersion = 10.28.0;
			};
		};
		1AB29BA12C1F075A001BD233 /* XCRemoteSwiftPackageReference "SDWebImage" */ = {
			isa = XCRemoteSwiftPackageReference;
			repositoryURL = "https://github.com/SDWebImage/SDWebImage";
			requirement = {
				kind = upToNextMajorVersion;
				minimumVersion = 5.19.3;
			};
		};
/* End XCRemoteSwiftPackageReference section */

/* Begin XCSwiftPackageProductDependency section */
		1AA52C0E2C2C842D006F4969 /* SDWebImage */ = {
			isa = XCSwiftPackageProductDependency;
			package = 1AB29BA12C1F075A001BD233 /* XCRemoteSwiftPackageReference "SDWebImage" */;
			productName = SDWebImage;
		};
		1AA52C102C2C842D006F4969 /* SDWebImageMapKit */ = {
			isa = XCSwiftPackageProductDependency;
			package = 1AB29BA12C1F075A001BD233 /* XCRemoteSwiftPackageReference "SDWebImage" */;
			productName = SDWebImageMapKit;
		};
		1AA52C122C2C8453006F4969 /* FirebaseAuth */ = {
			isa = XCSwiftPackageProductDependency;
			package = 1A38BFDA2C216B8900C22B51 /* XCRemoteSwiftPackageReference "firebase-ios-sdk" */;
			productName = FirebaseAuth;
		};
		1AA52C142C2C8453006F4969 /* FirebaseFirestore */ = {
			isa = XCSwiftPackageProductDependency;
			package = 1A38BFDA2C216B8900C22B51 /* XCRemoteSwiftPackageReference "firebase-ios-sdk" */;
			productName = FirebaseFirestore;
		};
		1AA52C162C2C8453006F4969 /* FirebaseStorage */ = {
			isa = XCSwiftPackageProductDependency;
			package = 1A38BFDA2C216B8900C22B51 /* XCRemoteSwiftPackageReference "firebase-ios-sdk" */;
			productName = FirebaseStorage;
		};
/* End XCSwiftPackageProductDependency section */
	};
	rootObject = 1AB3E51C2C07704C0040DE8D /* Project object */;
}
